
Microsoft Visual Studio Solution File, Format Version 12.00
# Visual Studio 2015
Project("{FAE04EC0-301F-11D3-BF4B-00C04F79EFBC}") = "Freebie Pack.CSharp.Plugins", "Freebie Pack.CSharp.Plugins.csproj", "{CA153E95-8D8E-3040-917A-46BABC7AB782}"
EndProject
Global
	GlobalSection(SolutionConfigurationPlatforms) = preSolution
		Debug|Any CPU = Debug|Any CPU
		Release|Any CPU = Release|Any CPU
	EndGlobalSection
	GlobalSection(ProjectConfigurationPlatforms) = postSolution
		{CA153E95-8D8E-3040-917A-46BABC7AB782}.Debug|Any CPU.ActiveCfg = Debug|Any CPU
		{CA153E95-8D8E-3040-917A-46BABC7AB782}.Debug|Any CPU.Build.0 = Debug|Any CPU
		{CA153E95-8D8E-3040-917A-46BABC7AB782}.Release|Any CPU.ActiveCfg = Release|Any CPU
		{CA153E95-8D8E-3040-917A-46BABC7AB782}.Release|Any CPU.Build.0 = Release|Any CPU
	EndGlobalSection
	GlobalSection(SolutionProperties) = preSolution
		HideSolutionNode = FALSE
	EndGlobalSection
EndGlobal
